
Microsoft Visual Studio Solution File, Format Version 12.00
# Visual Studio Version 16
VisualStudioVersion = 16.0.30621.155
MinimumVisualStudioVersion = 10.0.40219.1
Project("{2150E333-8FDC-42A3-9474-1A3956D46DE8}") = "Solution Items", "Solution Items", "{F092A008-55A0-481F-9858-37AE68705646}"
	ProjectSection(SolutionItems) = preProject
		DatabaseScript.sql = DatabaseScript.sql
		DetailPlan.xlsx = DetailPlan.xlsx
		ReadMe.md = ReadMe.md
	EndProjectSection
EndProject
Project("{FAE04EC0-301F-11D3-BF4B-00C04F79EFBC}") = "LibraryManager.EntityFramework", "LibraryManager.EntityFramework\LibraryManager.EntityFramework.csproj", "{ECF25044-042F-4A5D-9A48-C30E746CD49E}"
EndProject
Project("{FAE04EC0-301F-11D3-BF4B-00C04F79EFBC}") = "LibraryManager.Utils", "LibraryManager.Utils\LibraryManager.Utils.csproj", "{66F3900A-4E9F-4E96-8BEB-2EFE7AFB2422}"
EndProject
Project("{FAE04EC0-301F-11D3-BF4B-00C04F79EFBC}") = "LibraryManager.MyUserControl", "LibraryManager.MyUserControl\LibraryManager.MyUserControl.csproj", "{06BC3EEE-E7D6-40B4-9974-0ED8A08A9F5D}"
EndProject
Global
	GlobalSection(SolutionConfigurationPlatforms) = preSolution
		Debug|Any CPU = Debug|Any CPU
		Release|Any CPU = Release|Any CPU
	EndGlobalSection
	GlobalSection(ProjectConfigurationPlatforms) = postSolution
		{ECF25044-042F-4A5D-9A48-C30E746CD49E}.Debug|Any CPU.ActiveCfg = Debug|Any CPU
		{ECF25044-042F-4A5D-9A48-C30E746CD49E}.Debug|Any CPU.Build.0 = Debug|Any CPU
		{ECF25044-042F-4A5D-9A48-C30E746CD49E}.Release|Any CPU.ActiveCfg = Release|Any CPU
		{ECF25044-042F-4A5D-9A48-C30E746CD49E}.Release|Any CPU.Build.0 = Release|Any CPU
		{66F3900A-4E9F-4E96-8BEB-2EFE7AFB2422}.Debug|Any CPU.ActiveCfg = Debug|Any CPU
		{66F3900A-4E9F-4E96-8BEB-2EFE7AFB2422}.Debug|Any CPU.Build.0 = Debug|Any CPU
		{66F3900A-4E9F-4E96-8BEB-2EFE7AFB2422}.Release|Any CPU.ActiveCfg = Release|Any CPU
		{66F3900A-4E9F-4E96-8BEB-2EFE7AFB2422}.Release|Any CPU.Build.0 = Release|Any CPU
		{06BC3EEE-E7D6-40B4-9974-0ED8A08A9F5D}.Debug|Any CPU.ActiveCfg = Debug|Any CPU
		{06BC3EEE-E7D6-40B4-9974-0ED8A08A9F5D}.Debug|Any CPU.Build.0 = Debug|Any CPU
		{06BC3EEE-E7D6-40B4-9974-0ED8A08A9F5D}.Release|Any CPU.ActiveCfg = Release|Any CPU
		{06BC3EEE-E7D6-40B4-9974-0ED8A08A9F5D}.Release|Any CPU.Build.0 = Release|Any CPU
	EndGlobalSection
	GlobalSection(SolutionProperties) = preSolution
		HideSolutionNode = FALSE
	EndGlobalSection
	GlobalSection(ExtensibilityGlobals) = postSolution
		SolutionGuid = {97AC834C-CEA8-419E-AC4A-B995EA318326}
	EndGlobalSection
EndGlobal
