
Microsoft Visual Studio Solution File, Format Version 12.00
# Visual Studio Version 16
VisualStudioVersion = 16.0.30621.155
MinimumVisualStudioVersion = 10.0.40219.1
Project("{2150E333-8FDC-42A3-9474-1A3956D46DE8}") = "Solution Items", "Solution Items", "{F092A008-55A0-481F-9858-37AE68705646}"
	ProjectSection(SolutionItems) = preProject
		E:\Documents\HCMUTE\2020_2021_1st\_final_project\LibraryManagementOld\DetailPlan.xlsx = E:\Documents\HCMUTE\2020_2021_1st\_final_project\LibraryManagementOld\DetailPlan.xlsx
		E:\Documents\HCMUTE\2020_2021_1st\_final_project\LibraryManagementOld\ReadMe.md = E:\Documents\HCMUTE\2020_2021_1st\_final_project\LibraryManagementOld\ReadMe.md
	EndProjectSection
EndProject
Global
	GlobalSection(SolutionProperties) = preSolution
		HideSolutionNode = FALSE
	EndGlobalSection
	GlobalSection(ExtensibilityGlobals) = postSolution
		SolutionGuid = {97AC834C-CEA8-419E-AC4A-B995EA318326}
	EndGlobalSection
EndGlobal
